PODS:
  - Analytics (4.0.4)
  - Branch (0.35.0)
  - Segment-Branch (0.1.23):
    - Analytics
    - Branch (~> 0.35.0)

DEPENDENCIES:
  - Segment-Branch (from `../../`)

SPEC REPOS:
  https://github.com/CocoaPods/Specs.git:
    - Analytics
    - Branch

EXTERNAL SOURCES:
  Segment-Branch:
    :path: "../../"

SPEC CHECKSUMS:
  Analytics: 231b01fdaa9704105881dc82def7b7b1d6571edb
  Branch: 9a37f707974a128c37829033c49018b79c7e7a2d
  Segment-Branch: cf1bd47ecd41c7867231854e0dc4b9f3bf1a7100

PODFILE CHECKSUM: 6580ce0430623842de5802e592369971cd1fa8d8

COCOAPODS: 1.9.1
