PODS:
  - Analytics (3.7.0)
  - Branch (0.31.0):
    - Branch/Core (= 0.31.0)
  - Branch/Core (0.31.0)
  - Segment-Branch (0.1.19):
    - Analytics
    - Branch (~> 0.31.0)

DEPENDENCIES:
  - Segment-Branch (from `../../`)

SPEC REPOS:
  https://github.com/cocoapods/specs.git:
    - Analytics
    - Branch

EXTERNAL SOURCES:
  Segment-Branch:
    :path: "../../"

SPEC CHECKSUMS:
  Analytics: 77fd5fb102a4a5eedafa2c2b0245ceb7b7c15e45
  Branch: d2e1611afa9ea9aa36fa1996df7f38ca2c3eb03e
  Segment-Branch: 5e4417c60dfe3e637dfe0e3bf43d29cd3bbabe3e

PODFILE CHECKSUM: 78184f7517c6ccb70de817ffff6b14b6aa2be09c

COCOAPODS: 1.7.5
