PODS:
  - Analytics (3.6.9)
  - Branch (0.25.5):
    - Branch/Core (= 0.25.5)
  - Branch/Core (0.25.5)
  - Segment-Branch (0.1.17):
    - Analytics
    - Branch

DEPENDENCIES:
  - Segment-Branch (from `../../`)

SPEC REPOS:
  https://github.com/cocoapods/specs.git:
    - Analytics
    - Branch

EXTERNAL SOURCES:
  Segment-Branch:
    :path: "../../"

SPEC CHECKSUMS:
  Analytics: 6541ce337e99d9f7a2240a8b3953940a7be5f998
  Branch: 848e8e908182a97678d9f5a854d10e59a40af2aa
  Segment-Branch: d18d6aad2b158a7284f64970d4ca38b041533fde

PODFILE CHECKSUM: 78184f7517c6ccb70de817ffff6b14b6aa2be09c

COCOAPODS: 1.6.0.beta.1
